{
  "version": "5",
  "specifiers": {
    "npm:@codemirror/language@6.12.1": "6.12.1",
    "npm:@lezer/highlight@1.2.3": "1.2.3",
    "npm:@lezer/lr@1.4.7": "1.4.7"
  },
  "npm": {
    "@codemirror/language@6.12.1": {
      "integrity": "sha512-Fa6xkSiuGKc8XC8Cn96T+TQHYj4ZZ7RdFmXA3i9xe/3hLHfwPZdM+dqfX0Cp0zQklBKhVD8Yzc8LS45rkqcwpQ==",
      "dependencies": [
        "@codemirror/state",
        "@codemirror/view",
        "@lezer/common",
        "@lezer/highlight",
        "@lezer/lr",
        "style-mod"
      ]
    },
    "@codemirror/state@6.5.4": {
      "integrity": "sha512-8y7xqG/hpB53l25CIoit9/ngxdfoG+fx+V3SHBrinnhOtLvKHRyAJJuHzkWrR4YXXLX8eXBsejgAAxHUOdW1yw==",
      "dependencies": [
        "@marijn/find-cluster-break"
      ]
    },
    "@codemirror/view@6.39.11": {
      "integrity": "sha512-bWdeR8gWM87l4DB/kYSF9A+dVackzDb/V56Tq7QVrQ7rn86W0rgZFtlL3g3pem6AeGcb9NQNoy3ao4WpW4h5tQ==",
      "dependencies": [
        "@codemirror/state",
        "crelt",
        "style-mod",
        "w3c-keyname"
      ]
    },
    "@lezer/common@1.5.0": {
      "integrity": "sha512-PNGcolp9hr4PJdXR4ix7XtixDrClScvtSCYW3rQG106oVMOOI+jFb+0+J3mbeL/53g1Zd6s0kJzaw6Ri68GmAA=="
    },
    "@lezer/highlight@1.2.3": {
      "integrity": "sha512-qXdH7UqTvGfdVBINrgKhDsVTJTxactNNxLk7+UMwZhU13lMHaOBlJe9Vqp907ya56Y3+ed2tlqzys7jDkTmW0g==",
      "dependencies": [
        "@lezer/common"
      ]
    },
    "@lezer/lr@1.4.7": {
      "integrity": "sha512-wNIFWdSUfX9Jc6ePMzxSPVgTVB4EOfDIwLQLWASyiUdHKaMsiilj9bYiGkGQCKVodd0x6bgQCV207PILGFCF9Q==",
      "dependencies": [
        "@lezer/common"
      ]
    },
    "@marijn/find-cluster-break@1.0.2": {
      "integrity": "sha512-l0h88YhZFyKdXIFNfSWpyjStDjGHwZ/U7iobcK1cQQD8sejsONdQtTVU+1wVN1PBw40PiiHB1vA5S7VTfQiP9g=="
    },
    "crelt@1.0.6": {
      "integrity": "sha512-VQ2MBenTq1fWZUH9DJNGti7kKv6EeAuYr3cLwxUWhIu1baTaXh4Ib5W2CqHVqib4/MqbYGJqiL3Zb8GJZr3l4g=="
    },
    "style-mod@4.1.3": {
      "integrity": "sha512-i/n8VsZydrugj3Iuzll8+x/00GH2vnYsk1eomD8QiRrSAeW6ItbCQDtfXCeJHd0iwiNagqjQkvpvREEPtW3IoQ=="
    },
    "w3c-keyname@2.2.8": {
      "integrity": "sha512-dpojBhNsCNN7T82Tm7k26A6G9ML3NkhDsnw9n/eoxSRlVBB4CEtIQ/KTCLI2Fwf3ataSXRhYFkQi3SlnFwPvPQ=="
    }
  },
  "workspace": {
    "dependencies": [
      "npm:@codemirror/language@6.12.1",
      "npm:@lezer/highlight@1.2.3",
      "npm:@lezer/lr@1.4.7",
      "npm:ajv@8.17.1"
    ]
  }
}
